
Microsoft Visual Studio Solution File, Format Version 12.00
# Visual Studio 2013
VisualStudioVersion = 12.0.21005.1
MinimumVisualStudioVersion = 10.0.40219.1
Project("{8BC9CEB8-8B4A-11D0-8D11-00A0C91BC942}") = "12_10gameeeee", "12_10gameeeee\12_10gameeeee.vcxproj", "{F850FE93-3321-4EA6-9F58-8DC20D06E66C}"
EndProject
Global
	GlobalSection(SolutionConfigurationPlatforms) = preSolution
		Debug|Win32 = Debug|Win32
		Release|Win32 = Release|Win32
	EndGlobalSection
	GlobalSection(ProjectConfigurationPlatforms) = postSolution
		{F850FE93-3321-4EA6-9F58-8DC20D06E66C}.Debug|Win32.ActiveCfg = Debug|Win32
		{F850FE93-3321-4EA6-9F58-8DC20D06E66C}.Debug|Win32.Build.0 = Debug|Win32
		{F850FE93-3321-4EA6-9F58-8DC20D06E66C}.Release|Win32.ActiveCfg = Release|Win32
		{F850FE93-3321-4EA6-9F58-8DC20D06E66C}.Release|Win32.Build.0 = Release|Win32
	EndGlobalSection
	GlobalSection(SolutionProperties) = preSolution
		HideSolutionNode = FALSE
	EndGlobalSection
EndGlobal
